
Microsoft Visual Studio Solution File, Format Version 12.00
# Visual Studio Version 17
VisualStudioVersion = 17.3.32929.385
MinimumVisualStudioVersion = 10.0.40219.1
Project("{FAE04EC0-301F-11D3-BF4B-00C04F79EFBC}") = "EF Core", "EF Core\EF Core.csproj", "{E60BFC98-7CA0-40F7-802C-2BAE0F778858}"
EndProject
Global
	GlobalSection(SolutionConfigurationPlatforms) = preSolution
		Debug|Any CPU = Debug|Any CPU
		Release|Any CPU = Release|Any CPU
	EndGlobalSection
	GlobalSection(ProjectConfigurationPlatforms) = postSolution
		{E60BFC98-7CA0-40F7-802C-2BAE0F778858}.Debug|Any CPU.ActiveCfg = Debug|Any CPU
		{E60BFC98-7CA0-40F7-802C-2BAE0F778858}.Debug|Any CPU.Build.0 = Debug|Any CPU
		{E60BFC98-7CA0-40F7-802C-2BAE0F778858}.Release|Any CPU.ActiveCfg = Release|Any CPU
		{E60BFC98-7CA0-40F7-802C-2BAE0F778858}.Release|Any CPU.Build.0 = Release|Any CPU
	EndGlobalSection
	GlobalSection(SolutionProperties) = preSolution
		HideSolutionNode = FALSE
	EndGlobalSection
	GlobalSection(ExtensibilityGlobals) = postSolution
		SolutionGuid = {216029C2-08DB-4562-A0F5-BE98FC367CE7}
	EndGlobalSection
EndGlobal
